
Microsoft Visual Studio Solution File, Format Version 11.00
# Visual Studio 2010
Project("{FAE04EC0-301F-11D3-BF4B-00C04F79EFBC}") = "UnityEngine.TestRunner", "UnityEngine.TestRunner.csproj", "{24ddf64f-a5a3-213b-4db2-e9e1c6ffa5b2}"
EndProject
Project("{FAE04EC0-301F-11D3-BF4B-00C04F79EFBC}") = "Unity.Mathematics", "Unity.Mathematics.csproj", "{131a7e09-9cba-c779-884f-4f5ddd7f7fbb}"
EndProject
Project("{FAE04EC0-301F-11D3-BF4B-00C04F79EFBC}") = "Unity.Services.Core.Telemetry", "Unity.Services.Core.Telemetry.csproj", "{d16db0db-2679-8344-74f3-ec55541c362d}"
EndProject
Project("{FAE04EC0-301F-11D3-BF4B-00C04F79EFBC}") = "Unity.InputSystem", "Unity.InputSystem.csproj", "{6d678134-2d12-2d46-15a8-6c35b2752ad6}"
EndProject
Project("{FAE04EC0-301F-11D3-BF4B-00C04F79EFBC}") = "Unity.Services.Core.Environments.Internal", "Unity.Services.Core.Environments.Internal.csproj", "{ee4ef907-bf39-92d7-2f70-1a543d062130}"
EndProject
Project("{FAE04EC0-301F-11D3-BF4B-00C04F79EFBC}") = "Unity.Burst", "Unity.Burst.csproj", "{09cc536b-25f3-5ed8-8a92-a458bddd8051}"
EndProject
Project("{FAE04EC0-301F-11D3-BF4B-00C04F79EFBC}") = "Assembly-CSharp", "Assembly-CSharp.csproj", "{be840a93-f0e3-acb3-1fb4-21dce9d2aef2}"
EndProject
Project("{FAE04EC0-301F-11D3-BF4B-00C04F79EFBC}") = "Unity.2D.Animation.Runtime", "Unity.2D.Animation.Runtime.csproj", "{760dd7b9-b8ca-0f03-d533-f7587d0e02ca}"
EndProject
Project("{FAE04EC0-301F-11D3-BF4B-00C04F79EFBC}") = "Unity.TextMeshPro", "Unity.TextMeshPro.csproj", "{740c5e01-acac-bbba-afbc-303949c56fdd}"
EndProject
Project("{FAE04EC0-301F-11D3-BF4B-00C04F79EFBC}") = "Unity.Timeline", "Unity.Timeline.csproj", "{3c06ad15-baf6-8ae7-4025-ea9258d1c179}"
EndProject
Project("{FAE04EC0-301F-11D3-BF4B-00C04F79EFBC}") = "Unity.Services.Core.Environments", "Unity.Services.Core.Environments.csproj", "{6b1e4b60-6756-e16b-69c2-081478afc0d1}"
EndProject
Project("{FAE04EC0-301F-11D3-BF4B-00C04F79EFBC}") = "Unity.Services.Core.Internal", "Unity.Services.Core.Internal.csproj", "{5ac48765-6a26-a8d0-5088-da3a90058f48}"
EndProject
Project("{FAE04EC0-301F-11D3-BF4B-00C04F79EFBC}") = "Unity.Services.Core.Analytics", "Unity.Services.Core.Analytics.csproj", "{ec9772e3-4739-2989-1c46-40d79c8359f3}"
EndProject
Project("{FAE04EC0-301F-11D3-BF4B-00C04F79EFBC}") = "Unity.2D.SpriteShape.Runtime", "Unity.2D.SpriteShape.Runtime.csproj", "{7b61a3d8-c176-3024-7baf-a8e658e9fea1}"
EndProject
Project("{FAE04EC0-301F-11D3-BF4B-00C04F79EFBC}") = "Unity.Services.Core.Scheduler", "Unity.Services.Core.Scheduler.csproj", "{c8df2a31-4124-a695-e5dc-c1c342fca363}"
EndProject
Project("{FAE04EC0-301F-11D3-BF4B-00C04F79EFBC}") = "Unity.Services.Core.Registration", "Unity.Services.Core.Registration.csproj", "{b9f3c9a2-180a-8429-674f-b363109d6bb5}"
EndProject
Project("{FAE04EC0-301F-11D3-BF4B-00C04F79EFBC}") = "Unity.2D.PixelPerfect", "Unity.2D.PixelPerfect.csproj", "{3c6e754c-7a9a-ccba-3f4c-a1982442dc31}"
EndProject
Project("{FAE04EC0-301F-11D3-BF4B-00C04F79EFBC}") = "Unity.2D.Common.Runtime", "Unity.2D.Common.Runtime.csproj", "{590400a0-1fed-b2db-edcb-5ae723ff2007}"
EndProject
Project("{FAE04EC0-301F-11D3-BF4B-00C04F79EFBC}") = "Unity.2D.IK.Runtime", "Unity.2D.IK.Runtime.csproj", "{dd75786e-f6ba-d1ea-c6f5-796f961d6b23}"
EndProject
Project("{FAE04EC0-301F-11D3-BF4B-00C04F79EFBC}") = "Unity.Services.Core.Device", "Unity.Services.Core.Device.csproj", "{07d27a2e-5e95-0884-b6f9-866c7a2dbcc7}"
EndProject
Project("{FAE04EC0-301F-11D3-BF4B-00C04F79EFBC}") = "Unity.Services.Core.Threading", "Unity.Services.Core.Threading.csproj", "{8f33c1ef-3972-e4cc-d90a-0e19093f1a33}"
EndProject
Project("{FAE04EC0-301F-11D3-BF4B-00C04F79EFBC}") = "Unity.Services.Core.Networking", "Unity.Services.Core.Networking.csproj", "{e5628c80-c798-76af-77ba-46ebe2c0e4cb}"
EndProject
Project("{FAE04EC0-301F-11D3-BF4B-00C04F79EFBC}") = "Unity.Services.Core", "Unity.Services.Core.csproj", "{51c99f6e-4d4e-18e0-70e4-db9619de45c0}"
EndProject
Project("{FAE04EC0-301F-11D3-BF4B-00C04F79EFBC}") = "Unity.InternalAPIEngineBridge.001", "Unity.InternalAPIEngineBridge.001.csproj", "{9d064025-f87c-0d50-9d05-6a1ebfa7e02d}"
EndProject
Project("{FAE04EC0-301F-11D3-BF4B-00C04F79EFBC}") = "Unity.Services.Core.Configuration", "Unity.Services.Core.Configuration.csproj", "{5447cdd5-b757-40d9-3cbf-bf1bdce1e77c}"
EndProject
Project("{FAE04EC0-301F-11D3-BF4B-00C04F79EFBC}") = "Unity.PlasticSCM.Editor", "Unity.PlasticSCM.Editor.csproj", "{a2849acc-1d07-dd7e-6447-a28be0beea89}"
EndProject
Project("{FAE04EC0-301F-11D3-BF4B-00C04F79EFBC}") = "Unity.VisualStudio.Editor", "Unity.VisualStudio.Editor.csproj", "{762d893a-9231-5a2d-d109-57a6b7a1a37c}"
EndProject
Project("{FAE04EC0-301F-11D3-BF4B-00C04F79EFBC}") = "Unity.Timeline.Editor", "Unity.Timeline.Editor.csproj", "{4f531d3f-11c4-2910-8ff4-2bf70b946217}"
EndProject
Project("{FAE04EC0-301F-11D3-BF4B-00C04F79EFBC}") = "Unity.TextMeshPro.Editor", "Unity.TextMeshPro.Editor.csproj", "{54b6a4fd-34c4-91cb-4866-615af6ea7ea5}"
EndProject
Project("{FAE04EC0-301F-11D3-BF4B-00C04F79EFBC}") = "Unity.2D.Animation.Editor", "Unity.2D.Animation.Editor.csproj", "{72185862-55f2-6429-872b-78b4c4f27d8b}"
EndProject
Project("{FAE04EC0-301F-11D3-BF4B-00C04F79EFBC}") = "Unity.CollabProxy.Editor", "Unity.CollabProxy.Editor.csproj", "{033aaaeb-dc94-072c-0b69-ebab726e207c}"
EndProject
Project("{FAE04EC0-301F-11D3-BF4B-00C04F79EFBC}") = "UnityEditor.TestRunner", "UnityEditor.TestRunner.csproj", "{be521bb9-8694-f709-49ef-d1fce2d3bfb7}"
EndProject
Project("{FAE04EC0-301F-11D3-BF4B-00C04F79EFBC}") = "Unity.Services.Core.Editor", "Unity.Services.Core.Editor.csproj", "{2bb7c973-8887-4ee0-8455-167e8450fbc0}"
EndProject
Project("{FAE04EC0-301F-11D3-BF4B-00C04F79EFBC}") = "Unity.Rider.Editor", "Unity.Rider.Editor.csproj", "{03bb71fa-ef46-46e0-1929-1f8ff19cf4b3}"
EndProject
Project("{FAE04EC0-301F-11D3-BF4B-00C04F79EFBC}") = "Unity.2D.Path.Editor", "Unity.2D.Path.Editor.csproj", "{0b9fd00e-5b0a-2520-c042-b1faae6b83f4}"
EndProject
Project("{FAE04EC0-301F-11D3-BF4B-00C04F79EFBC}") = "PsdPlugin", "PsdPlugin.csproj", "{cc24b2df-20f0-6076-f9f1-2d8563b2242e}"
EndProject
Project("{FAE04EC0-301F-11D3-BF4B-00C04F79EFBC}") = "Unity.Searcher.Editor", "Unity.Searcher.Editor.csproj", "{8f64dc28-6bae-8505-15a4-6046d35119a8}"
EndProject
Project("{FAE04EC0-301F-11D3-BF4B-00C04F79EFBC}") = "Unity.2D.IK.Editor", "Unity.2D.IK.Editor.csproj", "{0e3201fc-c3ad-7960-6eaf-12a31fb391ce}"
EndProject
Project("{FAE04EC0-301F-11D3-BF4B-00C04F79EFBC}") = "Unity.2D.Psdimporter.Editor", "Unity.2D.Psdimporter.Editor.csproj", "{1d2ee89b-4ea3-c380-d75e-0946770f7645}"
EndProject
Project("{FAE04EC0-301F-11D3-BF4B-00C04F79EFBC}") = "Unity.2D.SpriteShape.Editor", "Unity.2D.SpriteShape.Editor.csproj", "{138a4ea4-4d4e-e2c9-9c22-625e7e80f33a}"
EndProject
Project("{FAE04EC0-301F-11D3-BF4B-00C04F79EFBC}") = "Unity.SysrootPackage.Editor", "Unity.SysrootPackage.Editor.csproj", "{1676f81f-dcbf-7c94-a880-f50ed30cbe08}"
EndProject
Project("{FAE04EC0-301F-11D3-BF4B-00C04F79EFBC}") = "Unity.Burst.CodeGen", "Unity.Burst.CodeGen.csproj", "{28e4ab77-9138-762d-7536-7d6c7b79c4e6}"
EndProject
Project("{FAE04EC0-301F-11D3-BF4B-00C04F79EFBC}") = "Unity.2D.PixelPerfect.Editor", "Unity.2D.PixelPerfect.Editor.csproj", "{e2c75571-7acd-7e40-c6f7-cb903a080177}"
EndProject
Project("{FAE04EC0-301F-11D3-BF4B-00C04F79EFBC}") = "Unity.VSCode.Editor", "Unity.VSCode.Editor.csproj", "{f0b5482e-28c7-3d1a-a614-8e7d6ecc79d8}"
EndProject
Project("{FAE04EC0-301F-11D3-BF4B-00C04F79EFBC}") = "Unity.Toolchain.Win-x86_64-Linux-x86_64", "Unity.Toolchain.Win-x86_64-Linux-x86_64.csproj", "{3df81e20-5a21-744e-61ee-bf161e453927}"
EndProject
Project("{FAE04EC0-301F-11D3-BF4B-00C04F79EFBC}") = "Unity.2D.Common.Editor", "Unity.2D.Common.Editor.csproj", "{7ebbc24b-e4a1-e124-d892-4b86de9016c3}"
EndProject
Project("{FAE04EC0-301F-11D3-BF4B-00C04F79EFBC}") = "Assembly-CSharp-Editor", "Assembly-CSharp-Editor.csproj", "{84a050c8-485e-7a47-2d32-2c96acd5f253}"
EndProject
Project("{FAE04EC0-301F-11D3-BF4B-00C04F79EFBC}") = "Unity.Mathematics.Editor", "Unity.Mathematics.Editor.csproj", "{5a264107-d7dd-67d2-78ad-72e757784ad1}"
EndProject
Project("{FAE04EC0-301F-11D3-BF4B-00C04F79EFBC}") = "Unity.Services.Core.Configuration.Editor", "Unity.Services.Core.Configuration.Editor.csproj", "{65a90632-224d-f989-1fc5-c003cdad23ba}"
EndProject
Project("{FAE04EC0-301F-11D3-BF4B-00C04F79EFBC}") = "Unity.Burst.Editor", "Unity.Burst.Editor.csproj", "{2161a46c-da7a-4b88-b83f-c2f3bd8a4c10}"
EndProject
Project("{FAE04EC0-301F-11D3-BF4B-00C04F79EFBC}") = "Unity.InternalAPIEditorBridge.001", "Unity.InternalAPIEditorBridge.001.csproj", "{50b3bd4c-52ce-d2b7-008f-61bea9999cf3}"
EndProject
Project("{FAE04EC0-301F-11D3-BF4B-00C04F79EFBC}") = "Unity.Sysroot.Linux_x86_64", "Unity.Sysroot.Linux_x86_64.csproj", "{eb9a91b2-fa79-4ee7-3af8-ec9c89c145b7}"
EndProject
Project("{FAE04EC0-301F-11D3-BF4B-00C04F79EFBC}") = "RotaryHeart", "RotaryHeart.csproj", "{42b3e18e-6fb0-a08c-1ddb-604f974f3a41}"
EndProject
Project("{FAE04EC0-301F-11D3-BF4B-00C04F79EFBC}") = "Unity.2D.PixelPerfect.Tests", "Unity.2D.PixelPerfect.Tests.csproj", "{cd5eb62e-4259-60a0-a740-516d4a0eb675}"
EndProject
Project("{FAE04EC0-301F-11D3-BF4B-00C04F79EFBC}") = "Unity.Mathematics.Tests", "Unity.Mathematics.Tests.csproj", "{992a5e81-0db7-7249-4af2-6fe882522c16}"
EndProject
Project("{FAE04EC0-301F-11D3-BF4B-00C04F79EFBC}") = "Unity.Burst.Tests.UnitTests", "Unity.Burst.Tests.UnitTests.csproj", "{db101dac-75d9-99af-83e1-d6251422e687}"
EndProject
Project("{FAE04EC0-301F-11D3-BF4B-00C04F79EFBC}") = "Unity.PlasticSCM.EditorTests", "Unity.PlasticSCM.EditorTests.csproj", "{92e16d19-b5b5-1206-33d3-a741ebf25838}"
EndProject
Project("{FAE04EC0-301F-11D3-BF4B-00C04F79EFBC}") = "Unity.2D.SpriteShape.EditorTests", "Unity.2D.SpriteShape.EditorTests.csproj", "{21ba0290-b9df-2e57-6acb-1a402192c9fc}"
EndProject
Project("{FAE04EC0-301F-11D3-BF4B-00C04F79EFBC}") = "Unity.2D.Common.EditorTests", "Unity.2D.Common.EditorTests.csproj", "{881dc022-ceb1-6ab1-a418-d3e74a074d66}"
EndProject
Project("{FAE04EC0-301F-11D3-BF4B-00C04F79EFBC}") = "Unity.Searcher.EditorTests", "Unity.Searcher.EditorTests.csproj", "{0e700109-bc7d-edb8-acf6-c8b3bd2ef493}"
EndProject
Project("{FAE04EC0-301F-11D3-BF4B-00C04F79EFBC}") = "Unity.Burst.Editor.Tests", "Unity.Burst.Editor.Tests.csproj", "{98937818-f76b-9b79-119f-b1968462152b}"
EndProject
Project("{FAE04EC0-301F-11D3-BF4B-00C04F79EFBC}") = "Unity.TextMeshPro.Editor.Tests", "Unity.TextMeshPro.Editor.Tests.csproj", "{e5c906fd-5c0f-ec47-0272-528dfa715400}"
EndProject
Project("{FAE04EC0-301F-11D3-BF4B-00C04F79EFBC}") = "DocCodeExamples", "DocCodeExamples.csproj", "{462c1a84-9a25-66d1-7a82-d3cd3277aba4}"
EndProject
Project("{FAE04EC0-301F-11D3-BF4B-00C04F79EFBC}") = "Unity.2D.Psdimporter.EditorTests", "Unity.2D.Psdimporter.EditorTests.csproj", "{e5217642-44f9-812f-c535-44e19a4a4e9a}"
EndProject
Project("{FAE04EC0-301F-11D3-BF4B-00C04F79EFBC}") = "Unity.CollabProxy.EditorTests", "Unity.CollabProxy.EditorTests.csproj", "{57ba851b-8e93-2de7-f386-3840d0646579}"
EndProject
Project("{FAE04EC0-301F-11D3-BF4B-00C04F79EFBC}") = "Unity.2D.PixelPerfect.Editor.Tests", "Unity.2D.PixelPerfect.Editor.Tests.csproj", "{8060a2c9-995d-9e92-55fe-888d733647e4}"
EndProject
Project("{FAE04EC0-301F-11D3-BF4B-00C04F79EFBC}") = "Unity.Sysroot.Linux_x86_64.EditorTests", "Unity.Sysroot.Linux_x86_64.EditorTests.csproj", "{4febd422-85bd-e71f-cd78-9f3cf20e0c33}"
EndProject
Project("{FAE04EC0-301F-11D3-BF4B-00C04F79EFBC}") = "Unity.InputSystem.IntegrationTests", "Unity.InputSystem.IntegrationTests.csproj", "{785b93b2-c364-8c6e-c0f3-9b73379d58f0}"
EndProject
Project("{FAE04EC0-301F-11D3-BF4B-00C04F79EFBC}") = "Unity.2D.Animation.EditorTests", "Unity.2D.Animation.EditorTests.csproj", "{0c6c0d02-9032-751c-9e94-b538f9678f08}"
EndProject
Project("{FAE04EC0-301F-11D3-BF4B-00C04F79EFBC}") = "Unity.Sysroot.EditorTests", "Unity.Sysroot.EditorTests.csproj", "{1e164802-adf7-67b1-9482-bb5e031c0931}"
EndProject
Project("{FAE04EC0-301F-11D3-BF4B-00C04F79EFBC}") = "Unity.TextMeshPro.Tests", "Unity.TextMeshPro.Tests.csproj", "{08ac6f22-fc01-1153-c365-23d36d6b152e}"
EndProject
Project("{FAE04EC0-301F-11D3-BF4B-00C04F79EFBC}") = "SeparateAssembly", "SeparateAssembly.csproj", "{ff68debd-7fab-4e79-40a0-e8830e3c6553}"
EndProject
Project("{FAE04EC0-301F-11D3-BF4B-00C04F79EFBC}") = "Unity.InputSystem.TestFramework", "Unity.InputSystem.TestFramework.csproj", "{ecba885b-d19a-d3d3-fb3e-2758c2c5c67b}"
EndProject
Project("{FAE04EC0-301F-11D3-BF4B-00C04F79EFBC}") = "Unity.2D.Path.Tests", "Unity.2D.Path.Tests.csproj", "{e67bb07d-91b8-335c-73d9-25d8d65bff17}"
EndProject
Project("{FAE04EC0-301F-11D3-BF4B-00C04F79EFBC}") = "Unity.Toolchain.Win-x86_64-Linux-x86_64.EditorTests", "Unity.Toolchain.Win-x86_64-Linux-x86_64.EditorTests.csproj", "{d8ed5ea4-14fd-148d-23d0-81e03fc01c16}"
EndProject
Global
	GlobalSection(SolutionConfigurationPlatforms) = preSolution
		Debug|Any CPU = Debug|Any CPU
	EndGlobalSection
	GlobalSection(ProjectConfigurationPlatforms) = postSolution
		{24ddf64f-a5a3-213b-4db2-e9e1c6ffa5b2}.Debug|Any CPU.ActiveCfg = Debug|Any CPU
		{24ddf64f-a5a3-213b-4db2-e9e1c6ffa5b2}.Debug|Any CPU.Build.0 = Debug|Any CPU
		{131a7e09-9cba-c779-884f-4f5ddd7f7fbb}.Debug|Any CPU.ActiveCfg = Debug|Any CPU
		{131a7e09-9cba-c779-884f-4f5ddd7f7fbb}.Debug|Any CPU.Build.0 = Debug|Any CPU
		{d16db0db-2679-8344-74f3-ec55541c362d}.Debug|Any CPU.ActiveCfg = Debug|Any CPU
		{d16db0db-2679-8344-74f3-ec55541c362d}.Debug|Any CPU.Build.0 = Debug|Any CPU
		{6d678134-2d12-2d46-15a8-6c35b2752ad6}.Debug|Any CPU.ActiveCfg = Debug|Any CPU
		{6d678134-2d12-2d46-15a8-6c35b2752ad6}.Debug|Any CPU.Build.0 = Debug|Any CPU
		{ee4ef907-bf39-92d7-2f70-1a543d062130}.Debug|Any CPU.ActiveCfg = Debug|Any CPU
		{ee4ef907-bf39-92d7-2f70-1a543d062130}.Debug|Any CPU.Build.0 = Debug|Any CPU
		{09cc536b-25f3-5ed8-8a92-a458bddd8051}.Debug|Any CPU.ActiveCfg = Debug|Any CPU
		{09cc536b-25f3-5ed8-8a92-a458bddd8051}.Debug|Any CPU.Build.0 = Debug|Any CPU
		{be840a93-f0e3-acb3-1fb4-21dce9d2aef2}.Debug|Any CPU.ActiveCfg = Debug|Any CPU
		{be840a93-f0e3-acb3-1fb4-21dce9d2aef2}.Debug|Any CPU.Build.0 = Debug|Any CPU
		{760dd7b9-b8ca-0f03-d533-f7587d0e02ca}.Debug|Any CPU.ActiveCfg = Debug|Any CPU
		{760dd7b9-b8ca-0f03-d533-f7587d0e02ca}.Debug|Any CPU.Build.0 = Debug|Any CPU
		{740c5e01-acac-bbba-afbc-303949c56fdd}.Debug|Any CPU.ActiveCfg = Debug|Any CPU
		{740c5e01-acac-bbba-afbc-303949c56fdd}.Debug|Any CPU.Build.0 = Debug|Any CPU
		{3c06ad15-baf6-8ae7-4025-ea9258d1c179}.Debug|Any CPU.ActiveCfg = Debug|Any CPU
		{3c06ad15-baf6-8ae7-4025-ea9258d1c179}.Debug|Any CPU.Build.0 = Debug|Any CPU
		{6b1e4b60-6756-e16b-69c2-081478afc0d1}.Debug|Any CPU.ActiveCfg = Debug|Any CPU
		{6b1e4b60-6756-e16b-69c2-081478afc0d1}.Debug|Any CPU.Build.0 = Debug|Any CPU
		{5ac48765-6a26-a8d0-5088-da3a90058f48}.Debug|Any CPU.ActiveCfg = Debug|Any CPU
		{5ac48765-6a26-a8d0-5088-da3a90058f48}.Debug|Any CPU.Build.0 = Debug|Any CPU
		{ec9772e3-4739-2989-1c46-40d79c8359f3}.Debug|Any CPU.ActiveCfg = Debug|Any CPU
		{ec9772e3-4739-2989-1c46-40d79c8359f3}.Debug|Any CPU.Build.0 = Debug|Any CPU
		{7b61a3d8-c176-3024-7baf-a8e658e9fea1}.Debug|Any CPU.ActiveCfg = Debug|Any CPU
		{7b61a3d8-c176-3024-7baf-a8e658e9fea1}.Debug|Any CPU.Build.0 = Debug|Any CPU
		{c8df2a31-4124-a695-e5dc-c1c342fca363}.Debug|Any CPU.ActiveCfg = Debug|Any CPU
		{c8df2a31-4124-a695-e5dc-c1c342fca363}.Debug|Any CPU.Build.0 = Debug|Any CPU
		{b9f3c9a2-180a-8429-674f-b363109d6bb5}.Debug|Any CPU.ActiveCfg = Debug|Any CPU
		{b9f3c9a2-180a-8429-674f-b363109d6bb5}.Debug|Any CPU.Build.0 = Debug|Any CPU
		{3c6e754c-7a9a-ccba-3f4c-a1982442dc31}.Debug|Any CPU.ActiveCfg = Debug|Any CPU
		{3c6e754c-7a9a-ccba-3f4c-a1982442dc31}.Debug|Any CPU.Build.0 = Debug|Any CPU
		{590400a0-1fed-b2db-edcb-5ae723ff2007}.Debug|Any CPU.ActiveCfg = Debug|Any CPU
		{590400a0-1fed-b2db-edcb-5ae723ff2007}.Debug|Any CPU.Build.0 = Debug|Any CPU
		{dd75786e-f6ba-d1ea-c6f5-796f961d6b23}.Debug|Any CPU.ActiveCfg = Debug|Any CPU
		{dd75786e-f6ba-d1ea-c6f5-796f961d6b23}.Debug|Any CPU.Build.0 = Debug|Any CPU
		{07d27a2e-5e95-0884-b6f9-866c7a2dbcc7}.Debug|Any CPU.ActiveCfg = Debug|Any CPU
		{07d27a2e-5e95-0884-b6f9-866c7a2dbcc7}.Debug|Any CPU.Build.0 = Debug|Any CPU
		{8f33c1ef-3972-e4cc-d90a-0e19093f1a33}.Debug|Any CPU.ActiveCfg = Debug|Any CPU
		{8f33c1ef-3972-e4cc-d90a-0e19093f1a33}.Debug|Any CPU.Build.0 = Debug|Any CPU
		{e5628c80-c798-76af-77ba-46ebe2c0e4cb}.Debug|Any CPU.ActiveCfg = Debug|Any CPU
		{e5628c80-c798-76af-77ba-46ebe2c0e4cb}.Debug|Any CPU.Build.0 = Debug|Any CPU
		{51c99f6e-4d4e-18e0-70e4-db9619de45c0}.Debug|Any CPU.ActiveCfg = Debug|Any CPU
		{51c99f6e-4d4e-18e0-70e4-db9619de45c0}.Debug|Any CPU.Build.0 = Debug|Any CPU
		{9d064025-f87c-0d50-9d05-6a1ebfa7e02d}.Debug|Any CPU.ActiveCfg = Debug|Any CPU
		{9d064025-f87c-0d50-9d05-6a1ebfa7e02d}.Debug|Any CPU.Build.0 = Debug|Any CPU
		{5447cdd5-b757-40d9-3cbf-bf1bdce1e77c}.Debug|Any CPU.ActiveCfg = Debug|Any CPU
		{5447cdd5-b757-40d9-3cbf-bf1bdce1e77c}.Debug|Any CPU.Build.0 = Debug|Any CPU
		{a2849acc-1d07-dd7e-6447-a28be0beea89}.Debug|Any CPU.ActiveCfg = Debug|Any CPU
		{a2849acc-1d07-dd7e-6447-a28be0beea89}.Debug|Any CPU.Build.0 = Debug|Any CPU
		{762d893a-9231-5a2d-d109-57a6b7a1a37c}.Debug|Any CPU.ActiveCfg = Debug|Any CPU
		{762d893a-9231-5a2d-d109-57a6b7a1a37c}.Debug|Any CPU.Build.0 = Debug|Any CPU
		{4f531d3f-11c4-2910-8ff4-2bf70b946217}.Debug|Any CPU.ActiveCfg = Debug|Any CPU
		{4f531d3f-11c4-2910-8ff4-2bf70b946217}.Debug|Any CPU.Build.0 = Debug|Any CPU
		{54b6a4fd-34c4-91cb-4866-615af6ea7ea5}.Debug|Any CPU.ActiveCfg = Debug|Any CPU
		{54b6a4fd-34c4-91cb-4866-615af6ea7ea5}.Debug|Any CPU.Build.0 = Debug|Any CPU
		{72185862-55f2-6429-872b-78b4c4f27d8b}.Debug|Any CPU.ActiveCfg = Debug|Any CPU
		{72185862-55f2-6429-872b-78b4c4f27d8b}.Debug|Any CPU.Build.0 = Debug|Any CPU
		{033aaaeb-dc94-072c-0b69-ebab726e207c}.Debug|Any CPU.ActiveCfg = Debug|Any CPU
		{033aaaeb-dc94-072c-0b69-ebab726e207c}.Debug|Any CPU.Build.0 = Debug|Any CPU
		{be521bb9-8694-f709-49ef-d1fce2d3bfb7}.Debug|Any CPU.ActiveCfg = Debug|Any CPU
		{be521bb9-8694-f709-49ef-d1fce2d3bfb7}.Debug|Any CPU.Build.0 = Debug|Any CPU
		{2bb7c973-8887-4ee0-8455-167e8450fbc0}.Debug|Any CPU.ActiveCfg = Debug|Any CPU
		{2bb7c973-8887-4ee0-8455-167e8450fbc0}.Debug|Any CPU.Build.0 = Debug|Any CPU
		{03bb71fa-ef46-46e0-1929-1f8ff19cf4b3}.Debug|Any CPU.ActiveCfg = Debug|Any CPU
		{03bb71fa-ef46-46e0-1929-1f8ff19cf4b3}.Debug|Any CPU.Build.0 = Debug|Any CPU
		{0b9fd00e-5b0a-2520-c042-b1faae6b83f4}.Debug|Any CPU.ActiveCfg = Debug|Any CPU
		{0b9fd00e-5b0a-2520-c042-b1faae6b83f4}.Debug|Any CPU.Build.0 = Debug|Any CPU
		{cc24b2df-20f0-6076-f9f1-2d8563b2242e}.Debug|Any CPU.ActiveCfg = Debug|Any CPU
		{cc24b2df-20f0-6076-f9f1-2d8563b2242e}.Debug|Any CPU.Build.0 = Debug|Any CPU
		{8f64dc28-6bae-8505-15a4-6046d35119a8}.Debug|Any CPU.ActiveCfg = Debug|Any CPU
		{8f64dc28-6bae-8505-15a4-6046d35119a8}.Debug|Any CPU.Build.0 = Debug|Any CPU
		{0e3201fc-c3ad-7960-6eaf-12a31fb391ce}.Debug|Any CPU.ActiveCfg = Debug|Any CPU
		{0e3201fc-c3ad-7960-6eaf-12a31fb391ce}.Debug|Any CPU.Build.0 = Debug|Any CPU
		{1d2ee89b-4ea3-c380-d75e-0946770f7645}.Debug|Any CPU.ActiveCfg = Debug|Any CPU
		{1d2ee89b-4ea3-c380-d75e-0946770f7645}.Debug|Any CPU.Build.0 = Debug|Any CPU
		{138a4ea4-4d4e-e2c9-9c22-625e7e80f33a}.Debug|Any CPU.ActiveCfg = Debug|Any CPU
		{138a4ea4-4d4e-e2c9-9c22-625e7e80f33a}.Debug|Any CPU.Build.0 = Debug|Any CPU
		{1676f81f-dcbf-7c94-a880-f50ed30cbe08}.Debug|Any CPU.ActiveCfg = Debug|Any CPU
		{1676f81f-dcbf-7c94-a880-f50ed30cbe08}.Debug|Any CPU.Build.0 = Debug|Any CPU
		{28e4ab77-9138-762d-7536-7d6c7b79c4e6}.Debug|Any CPU.ActiveCfg = Debug|Any CPU
		{28e4ab77-9138-762d-7536-7d6c7b79c4e6}.Debug|Any CPU.Build.0 = Debug|Any CPU
		{e2c75571-7acd-7e40-c6f7-cb903a080177}.Debug|Any CPU.ActiveCfg = Debug|Any CPU
		{e2c75571-7acd-7e40-c6f7-cb903a080177}.Debug|Any CPU.Build.0 = Debug|Any CPU
		{f0b5482e-28c7-3d1a-a614-8e7d6ecc79d8}.Debug|Any CPU.ActiveCfg = Debug|Any CPU
		{f0b5482e-28c7-3d1a-a614-8e7d6ecc79d8}.Debug|Any CPU.Build.0 = Debug|Any CPU
		{3df81e20-5a21-744e-61ee-bf161e453927}.Debug|Any CPU.ActiveCfg = Debug|Any CPU
		{3df81e20-5a21-744e-61ee-bf161e453927}.Debug|Any CPU.Build.0 = Debug|Any CPU
		{7ebbc24b-e4a1-e124-d892-4b86de9016c3}.Debug|Any CPU.ActiveCfg = Debug|Any CPU
		{7ebbc24b-e4a1-e124-d892-4b86de9016c3}.Debug|Any CPU.Build.0 = Debug|Any CPU
		{84a050c8-485e-7a47-2d32-2c96acd5f253}.Debug|Any CPU.ActiveCfg = Debug|Any CPU
		{84a050c8-485e-7a47-2d32-2c96acd5f253}.Debug|Any CPU.Build.0 = Debug|Any CPU
		{5a264107-d7dd-67d2-78ad-72e757784ad1}.Debug|Any CPU.ActiveCfg = Debug|Any CPU
		{5a264107-d7dd-67d2-78ad-72e757784ad1}.Debug|Any CPU.Build.0 = Debug|Any CPU
		{65a90632-224d-f989-1fc5-c003cdad23ba}.Debug|Any CPU.ActiveCfg = Debug|Any CPU
		{65a90632-224d-f989-1fc5-c003cdad23ba}.Debug|Any CPU.Build.0 = Debug|Any CPU
		{2161a46c-da7a-4b88-b83f-c2f3bd8a4c10}.Debug|Any CPU.ActiveCfg = Debug|Any CPU
		{2161a46c-da7a-4b88-b83f-c2f3bd8a4c10}.Debug|Any CPU.Build.0 = Debug|Any CPU
		{50b3bd4c-52ce-d2b7-008f-61bea9999cf3}.Debug|Any CPU.ActiveCfg = Debug|Any CPU
		{50b3bd4c-52ce-d2b7-008f-61bea9999cf3}.Debug|Any CPU.Build.0 = Debug|Any CPU
		{eb9a91b2-fa79-4ee7-3af8-ec9c89c145b7}.Debug|Any CPU.ActiveCfg = Debug|Any CPU
		{eb9a91b2-fa79-4ee7-3af8-ec9c89c145b7}.Debug|Any CPU.Build.0 = Debug|Any CPU
		{42b3e18e-6fb0-a08c-1ddb-604f974f3a41}.Debug|Any CPU.ActiveCfg = Debug|Any CPU
		{42b3e18e-6fb0-a08c-1ddb-604f974f3a41}.Debug|Any CPU.Build.0 = Debug|Any CPU
		{cd5eb62e-4259-60a0-a740-516d4a0eb675}.Debug|Any CPU.ActiveCfg = Debug|Any CPU
		{cd5eb62e-4259-60a0-a740-516d4a0eb675}.Debug|Any CPU.Build.0 = Debug|Any CPU
		{992a5e81-0db7-7249-4af2-6fe882522c16}.Debug|Any CPU.ActiveCfg = Debug|Any CPU
		{992a5e81-0db7-7249-4af2-6fe882522c16}.Debug|Any CPU.Build.0 = Debug|Any CPU
		{db101dac-75d9-99af-83e1-d6251422e687}.Debug|Any CPU.ActiveCfg = Debug|Any CPU
		{db101dac-75d9-99af-83e1-d6251422e687}.Debug|Any CPU.Build.0 = Debug|Any CPU
		{92e16d19-b5b5-1206-33d3-a741ebf25838}.Debug|Any CPU.ActiveCfg = Debug|Any CPU
		{92e16d19-b5b5-1206-33d3-a741ebf25838}.Debug|Any CPU.Build.0 = Debug|Any CPU
		{21ba0290-b9df-2e57-6acb-1a402192c9fc}.Debug|Any CPU.ActiveCfg = Debug|Any CPU
		{21ba0290-b9df-2e57-6acb-1a402192c9fc}.Debug|Any CPU.Build.0 = Debug|Any CPU
		{881dc022-ceb1-6ab1-a418-d3e74a074d66}.Debug|Any CPU.ActiveCfg = Debug|Any CPU
		{881dc022-ceb1-6ab1-a418-d3e74a074d66}.Debug|Any CPU.Build.0 = Debug|Any CPU
		{0e700109-bc7d-edb8-acf6-c8b3bd2ef493}.Debug|Any CPU.ActiveCfg = Debug|Any CPU
		{0e700109-bc7d-edb8-acf6-c8b3bd2ef493}.Debug|Any CPU.Build.0 = Debug|Any CPU
		{98937818-f76b-9b79-119f-b1968462152b}.Debug|Any CPU.ActiveCfg = Debug|Any CPU
		{98937818-f76b-9b79-119f-b1968462152b}.Debug|Any CPU.Build.0 = Debug|Any CPU
		{e5c906fd-5c0f-ec47-0272-528dfa715400}.Debug|Any CPU.ActiveCfg = Debug|Any CPU
		{e5c906fd-5c0f-ec47-0272-528dfa715400}.Debug|Any CPU.Build.0 = Debug|Any CPU
		{462c1a84-9a25-66d1-7a82-d3cd3277aba4}.Debug|Any CPU.ActiveCfg = Debug|Any CPU
		{462c1a84-9a25-66d1-7a82-d3cd3277aba4}.Debug|Any CPU.Build.0 = Debug|Any CPU
		{e5217642-44f9-812f-c535-44e19a4a4e9a}.Debug|Any CPU.ActiveCfg = Debug|Any CPU
		{e5217642-44f9-812f-c535-44e19a4a4e9a}.Debug|Any CPU.Build.0 = Debug|Any CPU
		{57ba851b-8e93-2de7-f386-3840d0646579}.Debug|Any CPU.ActiveCfg = Debug|Any CPU
		{57ba851b-8e93-2de7-f386-3840d0646579}.Debug|Any CPU.Build.0 = Debug|Any CPU
		{8060a2c9-995d-9e92-55fe-888d733647e4}.Debug|Any CPU.ActiveCfg = Debug|Any CPU
		{8060a2c9-995d-9e92-55fe-888d733647e4}.Debug|Any CPU.Build.0 = Debug|Any CPU
		{4febd422-85bd-e71f-cd78-9f3cf20e0c33}.Debug|Any CPU.ActiveCfg = Debug|Any CPU
		{4febd422-85bd-e71f-cd78-9f3cf20e0c33}.Debug|Any CPU.Build.0 = Debug|Any CPU
		{785b93b2-c364-8c6e-c0f3-9b73379d58f0}.Debug|Any CPU.ActiveCfg = Debug|Any CPU
		{785b93b2-c364-8c6e-c0f3-9b73379d58f0}.Debug|Any CPU.Build.0 = Debug|Any CPU
		{0c6c0d02-9032-751c-9e94-b538f9678f08}.Debug|Any CPU.ActiveCfg = Debug|Any CPU
		{0c6c0d02-9032-751c-9e94-b538f9678f08}.Debug|Any CPU.Build.0 = Debug|Any CPU
		{1e164802-adf7-67b1-9482-bb5e031c0931}.Debug|Any CPU.ActiveCfg = Debug|Any CPU
		{1e164802-adf7-67b1-9482-bb5e031c0931}.Debug|Any CPU.Build.0 = Debug|Any CPU
		{08ac6f22-fc01-1153-c365-23d36d6b152e}.Debug|Any CPU.ActiveCfg = Debug|Any CPU
		{08ac6f22-fc01-1153-c365-23d36d6b152e}.Debug|Any CPU.Build.0 = Debug|Any CPU
		{ff68debd-7fab-4e79-40a0-e8830e3c6553}.Debug|Any CPU.ActiveCfg = Debug|Any CPU
		{ff68debd-7fab-4e79-40a0-e8830e3c6553}.Debug|Any CPU.Build.0 = Debug|Any CPU
		{ecba885b-d19a-d3d3-fb3e-2758c2c5c67b}.Debug|Any CPU.ActiveCfg = Debug|Any CPU
		{ecba885b-d19a-d3d3-fb3e-2758c2c5c67b}.Debug|Any CPU.Build.0 = Debug|Any CPU
		{e67bb07d-91b8-335c-73d9-25d8d65bff17}.Debug|Any CPU.ActiveCfg = Debug|Any CPU
		{e67bb07d-91b8-335c-73d9-25d8d65bff17}.Debug|Any CPU.Build.0 = Debug|Any CPU
		{d8ed5ea4-14fd-148d-23d0-81e03fc01c16}.Debug|Any CPU.ActiveCfg = Debug|Any CPU
		{d8ed5ea4-14fd-148d-23d0-81e03fc01c16}.Debug|Any CPU.Build.0 = Debug|Any CPU
	EndGlobalSection
	GlobalSection(SolutionProperties) = preSolution
		HideSolutionNode = FALSE
	EndGlobalSection
EndGlobal
